
Microsoft Visual Studio Solution File, Format Version 12.00
# Visual Studio Version 17
VisualStudioVersion = 17.8.34309.116
MinimumVisualStudioVersion = 10.0.40219.1
Project("{9092AA53-FB77-4645-B42D-1CCCA6BD08BD}") = "NodeProject", "NodeProject.njsproj", "{1602B3D8-7B71-44FC-B84B-0A2106DB2069}"
EndProject
Global
	GlobalSection(SolutionConfigurationPlatforms) = preSolution
		Debug|Any CPU = Debug|Any CPU
		Release|Any CPU = Release|Any CPU
	EndGlobalSection
	GlobalSection(ProjectConfigurationPlatforms) = postSolution
		{1602B3D8-7B71-44FC-B84B-0A2106DB2069}.Debug|Any CPU.ActiveCfg = Debug|Any CPU
		{1602B3D8-7B71-44FC-B84B-0A2106DB2069}.Debug|Any CPU.Build.0 = Debug|Any CPU
		{1602B3D8-7B71-44FC-B84B-0A2106DB2069}.Release|Any CPU.ActiveCfg = Release|Any CPU
		{1602B3D8-7B71-44FC-B84B-0A2106DB2069}.Release|Any CPU.Build.0 = Release|Any CPU
	EndGlobalSection
	GlobalSection(SolutionProperties) = preSolution
		HideSolutionNode = FALSE
	EndGlobalSection
	GlobalSection(ExtensibilityGlobals) = postSolution
		SolutionGuid = {BD9EEC05-9B90-423A-89BD-006EAC610F30}
	EndGlobalSection
EndGlobal
